
Microsoft Visual Studio Solution File, Format Version 12.00
# Visual Studio Version 17
VisualStudioVersion = 17.8.34330.188
MinimumVisualStudioVersion = 10.0.40219.1
Project("{FAE04EC0-301F-11D3-BF4B-00C04F79EFBC}") = "MKTPMS.API", "MKTPMS.API\MKTPMS.API.csproj", "{BC6F1393-16A8-40DC-9291-AD9AB13FD380}"
EndProject
Project("{FAE04EC0-301F-11D3-BF4B-00C04F79EFBC}") = "MKTPMS.Domain", "MKTPMS.Domain\MKTPMS.Domain.csproj", "{F9DEB5AE-A789-46BB-B094-FC85FEE8B37B}"
EndProject
Project("{FAE04EC0-301F-11D3-BF4B-00C04F79EFBC}") = "MKTPMS.Service", "MKTPMS.Service\MKTPMS.Service.csproj", "{275471ED-7D7D-421F-9CA3-E6B075F4CACC}"
EndProject
Global
	GlobalSection(SolutionConfigurationPlatforms) = preSolution
		Debug|Any CPU = Debug|Any CPU
		Release|Any CPU = Release|Any CPU
	EndGlobalSection
	GlobalSection(ProjectConfigurationPlatforms) = postSolution
		{BC6F1393-16A8-40DC-9291-AD9AB13FD380}.Debug|Any CPU.ActiveCfg = Debug|Any CPU
		{BC6F1393-16A8-40DC-9291-AD9AB13FD380}.Debug|Any CPU.Build.0 = Debug|Any CPU
		{BC6F1393-16A8-40DC-9291-AD9AB13FD380}.Release|Any CPU.ActiveCfg = Release|Any CPU
		{BC6F1393-16A8-40DC-9291-AD9AB13FD380}.Release|Any CPU.Build.0 = Release|Any CPU
		{F9DEB5AE-A789-46BB-B094-FC85FEE8B37B}.Debug|Any CPU.ActiveCfg = Debug|Any CPU
		{F9DEB5AE-A789-46BB-B094-FC85FEE8B37B}.Debug|Any CPU.Build.0 = Debug|Any CPU
		{F9DEB5AE-A789-46BB-B094-FC85FEE8B37B}.Release|Any CPU.ActiveCfg = Release|Any CPU
		{F9DEB5AE-A789-46BB-B094-FC85FEE8B37B}.Release|Any CPU.Build.0 = Release|Any CPU
		{275471ED-7D7D-421F-9CA3-E6B075F4CACC}.Debug|Any CPU.ActiveCfg = Debug|Any CPU
		{275471ED-7D7D-421F-9CA3-E6B075F4CACC}.Debug|Any CPU.Build.0 = Debug|Any CPU
		{275471ED-7D7D-421F-9CA3-E6B075F4CACC}.Release|Any CPU.ActiveCfg = Release|Any CPU
		{275471ED-7D7D-421F-9CA3-E6B075F4CACC}.Release|Any CPU.Build.0 = Release|Any CPU
	EndGlobalSection
	GlobalSection(SolutionProperties) = preSolution
		HideSolutionNode = FALSE
	EndGlobalSection
	GlobalSection(ExtensibilityGlobals) = postSolution
		SolutionGuid = {DD3AAF82-0AA0-49CC-963C-930573055304}
	EndGlobalSection
EndGlobal
